
Microsoft Visual Studio Solution File, Format Version 12.00
# Visual Studio Version 17
VisualStudioVersion = 17.9.34607.119
MinimumVisualStudioVersion = 10.0.40219.1
Project("{9A19103F-16F7-4668-BE54-9A1E7A4F7556}") = "WebApplication1", "WebApplication1\WebApplication1.csproj", "{CFEE6055-2879-4E20-9171-46761C76B35F}"
EndProject
Global
	GlobalSection(SolutionConfigurationPlatforms) = preSolution
		Debug|Any CPU = Debug|Any CPU
		Release|Any CPU = Release|Any CPU
	EndGlobalSection
	GlobalSection(ProjectConfigurationPlatforms) = postSolution
		{CFEE6055-2879-4E20-9171-46761C76B35F}.Debug|Any CPU.ActiveCfg = Debug|Any CPU
		{CFEE6055-2879-4E20-9171-46761C76B35F}.Debug|Any CPU.Build.0 = Debug|Any CPU
		{CFEE6055-2879-4E20-9171-46761C76B35F}.Release|Any CPU.ActiveCfg = Release|Any CPU
		{CFEE6055-2879-4E20-9171-46761C76B35F}.Release|Any CPU.Build.0 = Release|Any CPU
	EndGlobalSection
	GlobalSection(SolutionProperties) = preSolution
		HideSolutionNode = FALSE
	EndGlobalSection
	GlobalSection(ExtensibilityGlobals) = postSolution
		SolutionGuid = {61EFC0CF-1735-4C22-9AAB-2D0565E64010}
	EndGlobalSection
EndGlobal
